
Microsoft Visual Studio Solution File, Format Version 12.00
# Visual Studio 15
VisualStudioVersion = 15.0.28307.421
MinimumVisualStudioVersion = 10.0.40219.1
Project("{FAE04EC0-301F-11D3-BF4B-00C04F79EFBC}") = "Correspondencia_Web", "Correspondencia_Web\Correspondencia_Web.csproj", "{F5E58789-8874-4DCC-915C-9A91D0D457E0}"
EndProject
Global
	GlobalSection(SolutionConfigurationPlatforms) = preSolution
		Debug|Any CPU = Debug|Any CPU
		Release|Any CPU = Release|Any CPU
	EndGlobalSection
	GlobalSection(ProjectConfigurationPlatforms) = postSolution
		{F5E58789-8874-4DCC-915C-9A91D0D457E0}.Debug|Any CPU.ActiveCfg = Debug|Any CPU
		{F5E58789-8874-4DCC-915C-9A91D0D457E0}.Debug|Any CPU.Build.0 = Debug|Any CPU
		{F5E58789-8874-4DCC-915C-9A91D0D457E0}.Release|Any CPU.ActiveCfg = Release|Any CPU
		{F5E58789-8874-4DCC-915C-9A91D0D457E0}.Release|Any CPU.Build.0 = Release|Any CPU
	EndGlobalSection
	GlobalSection(SolutionProperties) = preSolution
		HideSolutionNode = FALSE
	EndGlobalSection
	GlobalSection(ExtensibilityGlobals) = postSolution
		SolutionGuid = {9C5B75DE-CE23-4BF8-B9DB-35AE66B785E1}
	EndGlobalSection
EndGlobal
